
Microsoft Visual Studio Solution File, Format Version 12.00
# Visual Studio Version 17
VisualStudioVersion = 17.3.32714.290
MinimumVisualStudioVersion = 10.0.40219.1
Project("{2150E333-8FDC-42A3-9474-1A3956D46DE8}") = "Solution Items", "Solution Items", "{4BE46FCC-4F5C-4917-A880-5B25463651B5}"
	ProjectSection(SolutionItems) = preProject
		App.txt = App.txt
		MudTreeVie.txt = MudTreeVie.txt
		SubMenu.txt = SubMenu.txt
	EndProjectSection
EndProject
Project("{2150E333-8FDC-42A3-9474-1A3956D46DE8}") = "CodeSnipet", "CodeSnipet", "{DED43304-7B28-4CB4-A2A9-603B5F318126}"
	ProjectSection(SolutionItems) = preProject
		CodeSnippet.txt = CodeSnippet.txt
		MudSelectEnumSource.txt = MudSelectEnumSource.txt
		MudTable.txt = MudTable.txt
		Pagination.txt = Pagination.txt
		RefreshToken.txt = RefreshToken.txt
		TreeViewWithMenu.txt = TreeViewWithMenu.txt
	EndProjectSection
EndProject
Project("{2150E333-8FDC-42A3-9474-1A3956D46DE8}") = "Source", "Source", "{D4A45E57-B15B-471E-81B7-72479F3A06E7}"
EndProject
Project("{2150E333-8FDC-42A3-9474-1A3956D46DE8}") = "Infrastructure", "Infrastructure", "{10BB5746-797C-40DC-97BB-3A0DD3602BB0}"
EndProject
Project("{2150E333-8FDC-42A3-9474-1A3956D46DE8}") = "Web", "Web", "{52A37D13-3F75-4214-AA5D-DA71263E1CA4}"
EndProject
Project("{2150E333-8FDC-42A3-9474-1A3956D46DE8}") = "Core", "Core", "{CA650604-A395-4C06-B535-7D35816E301B}"
EndProject
Project("{9A19103F-16F7-4668-BE54-9A1E7A4F7556}") = "Domain", "Domain\Domain.csproj", "{273FEB45-0568-42C8-8490-F6EC1C72DC1C}"
EndProject
Project("{9A19103F-16F7-4668-BE54-9A1E7A4F7556}") = "RootComponents", "TMS.Components\RootComponents.csproj", "{78C9765D-7B2F-4C34-8431-22ECE8982FA5}"
EndProject
Project("{9A19103F-16F7-4668-BE54-9A1E7A4F7556}") = "Shared", "TMS.Shared\Shared.csproj", "{A8EEE9EF-843B-4B7E-B7FE-1699C1A916D8}"
EndProject
Project("{9A19103F-16F7-4668-BE54-9A1E7A4F7556}") = "DataAccess", "TMS.DataAccess\DataAccess.csproj", "{A50723AB-BD19-4A75-BDB0-57E9F2108654}"
EndProject
Project("{9A19103F-16F7-4668-BE54-9A1E7A4F7556}") = "Localization", "Localization\Localization.csproj", "{83762463-415A-4873-8EB9-A3D4016011D1}"
EndProject
Project("{9A19103F-16F7-4668-BE54-9A1E7A4F7556}") = "Application", "TMS.Core.Application\Application.csproj", "{C97972F6-C340-46C8-8362-D7A086CA5A53}"
EndProject
Project("{9A19103F-16F7-4668-BE54-9A1E7A4F7556}") = "UnitOfWork", "TMS.Infrastructure.Infrastructure\UnitOfWork.csproj", "{AF525004-CAB4-486D-989A-354CA86DD03B}"
EndProject
Project("{9A19103F-16F7-4668-BE54-9A1E7A4F7556}") = "TMS", "TMS\TMS.csproj", "{B562C236-702F-42DE-9CD3-554176F5C84D}"
EndProject
Project("{9A19103F-16F7-4668-BE54-9A1E7A4F7556}") = "Server", "TMS.Server\Server.csproj", "{0FD5FB64-6BF4-46F7-BD4D-B80F13FEB0C9}"
EndProject
Global
	GlobalSection(SolutionConfigurationPlatforms) = preSolution
		Debug|Any CPU = Debug|Any CPU
		Release|Any CPU = Release|Any CPU
	EndGlobalSection
	GlobalSection(ProjectConfigurationPlatforms) = postSolution
		{273FEB45-0568-42C8-8490-F6EC1C72DC1C}.Debug|Any CPU.ActiveCfg = Debug|Any CPU
		{273FEB45-0568-42C8-8490-F6EC1C72DC1C}.Debug|Any CPU.Build.0 = Debug|Any CPU
		{273FEB45-0568-42C8-8490-F6EC1C72DC1C}.Release|Any CPU.ActiveCfg = Release|Any CPU
		{273FEB45-0568-42C8-8490-F6EC1C72DC1C}.Release|Any CPU.Build.0 = Release|Any CPU
		{78C9765D-7B2F-4C34-8431-22ECE8982FA5}.Debug|Any CPU.ActiveCfg = Debug|Any CPU
		{78C9765D-7B2F-4C34-8431-22ECE8982FA5}.Debug|Any CPU.Build.0 = Debug|Any CPU
		{78C9765D-7B2F-4C34-8431-22ECE8982FA5}.Release|Any CPU.ActiveCfg = Release|Any CPU
		{78C9765D-7B2F-4C34-8431-22ECE8982FA5}.Release|Any CPU.Build.0 = Release|Any CPU
		{A8EEE9EF-843B-4B7E-B7FE-1699C1A916D8}.Debug|Any CPU.ActiveCfg = Debug|Any CPU
		{A8EEE9EF-843B-4B7E-B7FE-1699C1A916D8}.Debug|Any CPU.Build.0 = Debug|Any CPU
		{A8EEE9EF-843B-4B7E-B7FE-1699C1A916D8}.Release|Any CPU.ActiveCfg = Release|Any CPU
		{A8EEE9EF-843B-4B7E-B7FE-1699C1A916D8}.Release|Any CPU.Build.0 = Release|Any CPU
		{A50723AB-BD19-4A75-BDB0-57E9F2108654}.Debug|Any CPU.ActiveCfg = Debug|Any CPU
		{A50723AB-BD19-4A75-BDB0-57E9F2108654}.Debug|Any CPU.Build.0 = Debug|Any CPU
		{A50723AB-BD19-4A75-BDB0-57E9F2108654}.Release|Any CPU.ActiveCfg = Release|Any CPU
		{A50723AB-BD19-4A75-BDB0-57E9F2108654}.Release|Any CPU.Build.0 = Release|Any CPU
		{83762463-415A-4873-8EB9-A3D4016011D1}.Debug|Any CPU.ActiveCfg = Debug|Any CPU
		{83762463-415A-4873-8EB9-A3D4016011D1}.Debug|Any CPU.Build.0 = Debug|Any CPU
		{83762463-415A-4873-8EB9-A3D4016011D1}.Release|Any CPU.ActiveCfg = Release|Any CPU
		{83762463-415A-4873-8EB9-A3D4016011D1}.Release|Any CPU.Build.0 = Release|Any CPU
		{C97972F6-C340-46C8-8362-D7A086CA5A53}.Debug|Any CPU.ActiveCfg = Debug|Any CPU
		{C97972F6-C340-46C8-8362-D7A086CA5A53}.Debug|Any CPU.Build.0 = Debug|Any CPU
		{C97972F6-C340-46C8-8362-D7A086CA5A53}.Release|Any CPU.ActiveCfg = Release|Any CPU
		{C97972F6-C340-46C8-8362-D7A086CA5A53}.Release|Any CPU.Build.0 = Release|Any CPU
		{AF525004-CAB4-486D-989A-354CA86DD03B}.Debug|Any CPU.ActiveCfg = Debug|Any CPU
		{AF525004-CAB4-486D-989A-354CA86DD03B}.Debug|Any CPU.Build.0 = Debug|Any CPU
		{AF525004-CAB4-486D-989A-354CA86DD03B}.Release|Any CPU.ActiveCfg = Release|Any CPU
		{AF525004-CAB4-486D-989A-354CA86DD03B}.Release|Any CPU.Build.0 = Release|Any CPU
		{B562C236-702F-42DE-9CD3-554176F5C84D}.Debug|Any CPU.ActiveCfg = Debug|Any CPU
		{B562C236-702F-42DE-9CD3-554176F5C84D}.Debug|Any CPU.Build.0 = Debug|Any CPU
		{B562C236-702F-42DE-9CD3-554176F5C84D}.Release|Any CPU.ActiveCfg = Release|Any CPU
		{B562C236-702F-42DE-9CD3-554176F5C84D}.Release|Any CPU.Build.0 = Release|Any CPU
		{0FD5FB64-6BF4-46F7-BD4D-B80F13FEB0C9}.Debug|Any CPU.ActiveCfg = Debug|Any CPU
		{0FD5FB64-6BF4-46F7-BD4D-B80F13FEB0C9}.Debug|Any CPU.Build.0 = Debug|Any CPU
		{0FD5FB64-6BF4-46F7-BD4D-B80F13FEB0C9}.Release|Any CPU.ActiveCfg = Release|Any CPU
		{0FD5FB64-6BF4-46F7-BD4D-B80F13FEB0C9}.Release|Any CPU.Build.0 = Release|Any CPU
	EndGlobalSection
	GlobalSection(SolutionProperties) = preSolution
		HideSolutionNode = FALSE
	EndGlobalSection
	GlobalSection(NestedProjects) = preSolution
		{DED43304-7B28-4CB4-A2A9-603B5F318126} = {4BE46FCC-4F5C-4917-A880-5B25463651B5}
		{10BB5746-797C-40DC-97BB-3A0DD3602BB0} = {D4A45E57-B15B-471E-81B7-72479F3A06E7}
		{52A37D13-3F75-4214-AA5D-DA71263E1CA4} = {D4A45E57-B15B-471E-81B7-72479F3A06E7}
		{CA650604-A395-4C06-B535-7D35816E301B} = {D4A45E57-B15B-471E-81B7-72479F3A06E7}
		{273FEB45-0568-42C8-8490-F6EC1C72DC1C} = {10BB5746-797C-40DC-97BB-3A0DD3602BB0}
		{78C9765D-7B2F-4C34-8431-22ECE8982FA5} = {52A37D13-3F75-4214-AA5D-DA71263E1CA4}
		{A8EEE9EF-843B-4B7E-B7FE-1699C1A916D8} = {CA650604-A395-4C06-B535-7D35816E301B}
		{A50723AB-BD19-4A75-BDB0-57E9F2108654} = {10BB5746-797C-40DC-97BB-3A0DD3602BB0}
		{83762463-415A-4873-8EB9-A3D4016011D1} = {10BB5746-797C-40DC-97BB-3A0DD3602BB0}
		{C97972F6-C340-46C8-8362-D7A086CA5A53} = {CA650604-A395-4C06-B535-7D35816E301B}
		{AF525004-CAB4-486D-989A-354CA86DD03B} = {10BB5746-797C-40DC-97BB-3A0DD3602BB0}
		{B562C236-702F-42DE-9CD3-554176F5C84D} = {52A37D13-3F75-4214-AA5D-DA71263E1CA4}
		{0FD5FB64-6BF4-46F7-BD4D-B80F13FEB0C9} = {52A37D13-3F75-4214-AA5D-DA71263E1CA4}
	EndGlobalSection
	GlobalSection(ExtensibilityGlobals) = postSolution
		SolutionGuid = {0D26C2EA-57C9-460D-BA86-2CD69F6CA650}
	EndGlobalSection
EndGlobal
